# THIS IS AN AUTOGENERATED FILE. DO NOT EDIT THIS FILE DIRECTLY.
# yarn lockfile v1


uview-ui@^1.8.4:
  version "1.8.4"
  resolved "https://registry.yarnpkg.com/uview-ui/-/uview-ui-1.8.4.tgz#e32bbf2379421d319022e324e1cb7b5387d3bd44"
  integrity sha512-Zr+D5dFdNy6CdHQLBEXeGq/w0LkjxzBtsgaaDwLl0P58g67H7fBBDvy6AzWK/k0c7dwPYMBiK7I4Tr9p92+0DA==
